
Microsoft Visual Studio Solution File, Format Version 12.00
# Visual Studio Version 17
VisualStudioVersion = 17.4.33110.190
MinimumVisualStudioVersion = 10.0.40219.1
Project("{FAE04EC0-301F-11D3-BF4B-00C04F79EFBC}") = "NetHotKey", "NetHotKey.csproj", "{22293C2A-E9E8-4374-9182-02E06D227017}"
EndProject
Global
	GlobalSection(SolutionConfigurationPlatforms) = preSolution
		Debug|Any CPU = Debug|Any CPU
		Release|Any CPU = Release|Any CPU
	EndGlobalSection
	GlobalSection(ProjectConfigurationPlatforms) = postSolution
		{22293C2A-E9E8-4374-9182-02E06D227017}.Debug|Any CPU.ActiveCfg = Debug|Any CPU
		{22293C2A-E9E8-4374-9182-02E06D227017}.Debug|Any CPU.Build.0 = Debug|Any CPU
		{22293C2A-E9E8-4374-9182-02E06D227017}.Release|Any CPU.ActiveCfg = Release|Any CPU
		{22293C2A-E9E8-4374-9182-02E06D227017}.Release|Any CPU.Build.0 = Release|Any CPU
	EndGlobalSection
	GlobalSection(SolutionProperties) = preSolution
		HideSolutionNode = FALSE
	EndGlobalSection
	GlobalSection(ExtensibilityGlobals) = postSolution
		SolutionGuid = {909AC6C0-9AFA-417C-875E-89CD3DC416A4}
	EndGlobalSection
EndGlobal
